{
    "_meta": {
        "hash": {
            "sha256": "e4f05db589d30db8e259babd15bcf568854b3eceb6507a595d3f2e7f41cd3cfe"
        },
        "pipfile-spec": 6,
        "requires": {
            "python_version": "3"
        },
        "sources": [
            {
                "name": "pypi",
                "url": "https://pypi.org/simple",
                "verify_ssl": true
            }
        ]
    },
    "default": {
        "attrs": {
            "hashes": [
                "sha256:1f28b4522cdc2fb4256ac1a020c78acf9cba2c6b461ccd2c126f3aa8e8335d04",
                "sha256:6279836d581513a26f1bf235f9acd333bc9115683f14f7e8fae46c98fc50e015"
            ],
            "markers": "python_version >= '3.7'",
            "version": "==23.1.0"
        },
        "cattrs": {
            "hashes": [
                "sha256:b2bb14311ac17bed0d58785e5a60f022e5431aca3932e3fc5cc8ed8639de50a4",
                "sha256:db1c821b8c537382b2c7c66678c3790091ca0275ac486c76f3c8f3920e83c657"
            ],
            "markers": "python_version >= '3.7'",
            "version": "==23.1.2"
        },
        "cdk8s": {
            "hashes": [
                "sha256:2da5a7392bb19667021db2e6fb15daccd783262124c0e18e8d0e0f1f3d541e09",
                "sha256:a4813c4f4c11122546c711a6fc2821cd1bfd20f5b69ffedea70adf76eedfbf53"
            ],
            "index": "pypi",
            "version": "==2.36.0"
        },
        "cdk8s-plus-25": {
            "hashes": [
                "sha256:264d80d5899dc5d30b5c2e1575aee920bb80fbb23123f90e688181d1674ae523",
                "sha256:9c4cc241a1eeac0c447b438509066635c7c2f87920d50e6ef3375cbf89e8a6a9"
            ],
            "index": "pypi",
            "version": "==2.19.0"
        },
        "constructs": {
            "hashes": [
                "sha256:27a60f5ce4faa4d43c91c73f24e1a245c0a1ef67ea1c8a3df9ca6af9adf618df",
                "sha256:520ddd665cc336df90be06bb1bd49f3a9a7400d886cad8aef7b0155593b4ffa4"
            ],
            "index": "pypi",
            "version": "==10.2.69"
        },
        "importlib-resources": {
            "hashes": [
                "sha256:134832a506243891221b88b4ae1213327eea96ceb4e407a00d790bb0626f45cf",
                "sha256:4359457e42708462b9626a04657c6208ad799ceb41e5c58c57ffa0e6a098a5d4"
            ],
            "markers": "python_version >= '3.8'",
            "version": "==6.0.1"
        },
        "jsii": {
            "hashes": [
                "sha256:32eb46ed4c9a35bc92b892ef049ed1996f13be38ffef964d607e8fe930471b3e",
                "sha256:44f9a820eea92c9508693f72d3129b5a080421c949c32303f4f7b2cc98a81f59"
            ],
            "markers": "python_version ~= '3.7'",
            "version": "==1.86.1"
        },
        "publication": {
            "hashes": [
                "sha256:0248885351febc11d8a1098d5c8e3ab2dabcf3e8c0c96db1e17ecd12b53afbe6",
                "sha256:68416a0de76dddcdd2930d1c8ef853a743cc96c82416c4e4d3b5d901c6276dc4"
            ],
            "version": "==0.0.3"
        },
        "python-dateutil": {
            "hashes": [
                "sha256:0123cacc1627ae19ddf3c27a5de5bd67ee4586fbdd6440d9748f8abb483d3e86",
                "sha256:961d03dc3453ebbc59dbdea9e4e11c5651520a876d0f4db161e8674aae935da9"
            ],
            "markers": "python_version >= '2.7' and python_version not in '3.0, 3.1, 3.2, 3.3'",
            "version": "==2.8.2"
        },
        "six": {
            "hashes": [
                "sha256:1e61c37477a1626458e36f7b1d82aa5c9b094fa4802892072e49de9c60c4c926",
                "sha256:8abb2f1d86890a2dfb989f9a77cfcfd3e47c2a354b01111771326f8aa26e0254"
            ],
            "markers": "python_version >= '2.7' and python_version not in '3.0, 3.1, 3.2, 3.3'",
            "version": "==1.16.0"
        },
        "typeguard": {
            "hashes": [
                "sha256:00edaa8da3a133674796cf5ea87d9f4b4c367d77476e185e80251cc13dfbb8c4",
                "sha256:5e3e3be01e887e7eafae5af63d1f36c849aaa94e3a0112097312aabfa16284f1"
            ],
            "markers": "python_full_version >= '3.5.3'",
            "version": "==2.13.3"
        },
        "typing-extensions": {
            "hashes": [
                "sha256:440d5dd3af93b060174bf433bccd69b0babc3b15b1a8dca43789fd7f61514b36",
                "sha256:b75ddc264f0ba5615db7ba217daeb99701ad295353c45f9e95963337ceeeffb2"
            ],
            "markers": "python_version >= '3.7'",
            "version": "==4.7.1"
        }
    },
    "develop": {}
}
